
Microsoft Visual Studio Solution File, Format Version 12.00
# Visual Studio Version 17
VisualStudioVersion = 17.13.35825.156 d17.13
MinimumVisualStudioVersion = 10.0.40219.1
Project("{FAE04EC0-301F-11D3-BF4B-00C04F79EFBC}") = "Schedully", "Schedully.csproj", "{75107385-939E-4A80-9345-515AB81AB5D0}"
EndProject
Global
	GlobalSection(SolutionConfigurationPlatforms) = preSolution
		Debug|Any CPU = Debug|Any CPU
		Release|Any CPU = Release|Any CPU
	EndGlobalSection
	GlobalSection(ProjectConfigurationPlatforms) = postSolution
		{75107385-939E-4A80-9345-515AB81AB5D0}.Debug|Any CPU.ActiveCfg = Debug|Any CPU
		{75107385-939E-4A80-9345-515AB81AB5D0}.Debug|Any CPU.Build.0 = Debug|Any CPU
		{75107385-939E-4A80-9345-515AB81AB5D0}.Release|Any CPU.ActiveCfg = Release|Any CPU
		{75107385-939E-4A80-9345-515AB81AB5D0}.Release|Any CPU.Build.0 = Release|Any CPU
	EndGlobalSection
	GlobalSection(SolutionProperties) = preSolution
		HideSolutionNode = FALSE
	EndGlobalSection
	GlobalSection(ExtensibilityGlobals) = postSolution
		SolutionGuid = {BDC45940-23E1-4F73-A9AA-D9AC983BE4BC}
	EndGlobalSection
EndGlobal
